
Microsoft Visual Studio Solution File, Format Version 12.00
# Visual Studio 2013
VisualStudioVersion = 12.0.40629.0
MinimumVisualStudioVersion = 10.0.40219.1
Project("{FAE04EC0-301F-11D3-BF4B-00C04F79EFBC}") = "WebWorkerSieb", "WebWorkerSieb\WebWorkerSieb.csproj", "{7FA07682-CE7E-4500-AD33-19DC396493A2}"
EndProject
Global
	GlobalSection(SolutionConfigurationPlatforms) = preSolution
		Debug|Any CPU = Debug|Any CPU
		Release|Any CPU = Release|Any CPU
	EndGlobalSection
	GlobalSection(ProjectConfigurationPlatforms) = postSolution
		{7FA07682-CE7E-4500-AD33-19DC396493A2}.Debug|Any CPU.ActiveCfg = Debug|Any CPU
		{7FA07682-CE7E-4500-AD33-19DC396493A2}.Debug|Any CPU.Build.0 = Debug|Any CPU
		{7FA07682-CE7E-4500-AD33-19DC396493A2}.Release|Any CPU.ActiveCfg = Release|Any CPU
		{7FA07682-CE7E-4500-AD33-19DC396493A2}.Release|Any CPU.Build.0 = Release|Any CPU
	EndGlobalSection
	GlobalSection(SolutionProperties) = preSolution
		HideSolutionNode = FALSE
	EndGlobalSection
EndGlobal
